
Microsoft Visual Studio Solution File, Format Version 12.00
# Visual Studio 2013
VisualStudioVersion = 12.0.21005.1
MinimumVisualStudioVersion = 10.0.40219.1
Project("{FAE04EC0-301F-11D3-BF4B-00C04F79EFBC}") = "ALE1_test", "ALE1_test\ALE1_test.csproj", "{02E6EB32-50D1-45B6-A96F-DBB000900C01}"
EndProject
Project("{FAE04EC0-301F-11D3-BF4B-00C04F79EFBC}") = "ALE_UnitTest", "ALE_UnitTest\ALE_UnitTest.csproj", "{A8895F7F-A4B6-49C1-B28B-AFE120387D84}"
EndProject
Global
	GlobalSection(SolutionConfigurationPlatforms) = preSolution
		Debug|Any CPU = Debug|Any CPU
		Release|Any CPU = Release|Any CPU
	EndGlobalSection
	GlobalSection(ProjectConfigurationPlatforms) = postSolution
		{02E6EB32-50D1-45B6-A96F-DBB000900C01}.Debug|Any CPU.ActiveCfg = Debug|Any CPU
		{02E6EB32-50D1-45B6-A96F-DBB000900C01}.Debug|Any CPU.Build.0 = Debug|Any CPU
		{02E6EB32-50D1-45B6-A96F-DBB000900C01}.Release|Any CPU.ActiveCfg = Release|Any CPU
		{02E6EB32-50D1-45B6-A96F-DBB000900C01}.Release|Any CPU.Build.0 = Release|Any CPU
		{A8895F7F-A4B6-49C1-B28B-AFE120387D84}.Debug|Any CPU.ActiveCfg = Debug|Any CPU
		{A8895F7F-A4B6-49C1-B28B-AFE120387D84}.Debug|Any CPU.Build.0 = Debug|Any CPU
		{A8895F7F-A4B6-49C1-B28B-AFE120387D84}.Release|Any CPU.ActiveCfg = Release|Any CPU
		{A8895F7F-A4B6-49C1-B28B-AFE120387D84}.Release|Any CPU.Build.0 = Release|Any CPU
	EndGlobalSection
	GlobalSection(SolutionProperties) = preSolution
		HideSolutionNode = FALSE
	EndGlobalSection
EndGlobal
